
Microsoft Visual Studio Solution File, Format Version 12.00
# Visual Studio Version 17
VisualStudioVersion = 17.12.35527.113 d17.12
MinimumVisualStudioVersion = 10.0.40219.1
Project("{FAE04EC0-301F-11D3-BF4B-00C04F79EFBC}") = "SonarSilencer", "SonarSilencer\SonarSilencer.csproj", "{35866D70-7192-467C-A185-E3306B57289D}"
EndProject
Project("{FAE04EC0-301F-11D3-BF4B-00C04F79EFBC}") = "TriggerWarnings", "TriggerWarnings\TriggerWarnings.csproj", "{DD4779A8-AA20-4EC6-9405-0398E0C8E48D}"
EndProject
Global
	GlobalSection(SolutionConfigurationPlatforms) = preSolution
		Debug|Any CPU = Debug|Any CPU
		Release|Any CPU = Release|Any CPU
	EndGlobalSection
	GlobalSection(ProjectConfigurationPlatforms) = postSolution
		{35866D70-7192-467C-A185-E3306B57289D}.Debug|Any CPU.ActiveCfg = Debug|Any CPU
		{35866D70-7192-467C-A185-E3306B57289D}.Debug|Any CPU.Build.0 = Debug|Any CPU
		{35866D70-7192-467C-A185-E3306B57289D}.Release|Any CPU.ActiveCfg = Release|Any CPU
		{35866D70-7192-467C-A185-E3306B57289D}.Release|Any CPU.Build.0 = Release|Any CPU
		{DD4779A8-AA20-4EC6-9405-0398E0C8E48D}.Debug|Any CPU.ActiveCfg = Debug|Any CPU
		{DD4779A8-AA20-4EC6-9405-0398E0C8E48D}.Debug|Any CPU.Build.0 = Debug|Any CPU
		{DD4779A8-AA20-4EC6-9405-0398E0C8E48D}.Release|Any CPU.ActiveCfg = Release|Any CPU
		{DD4779A8-AA20-4EC6-9405-0398E0C8E48D}.Release|Any CPU.Build.0 = Release|Any CPU
	EndGlobalSection
	GlobalSection(SolutionProperties) = preSolution
		HideSolutionNode = FALSE
	EndGlobalSection
EndGlobal
